
Microsoft Visual Studio Solution File, Format Version 12.00
# Visual Studio Version 17
VisualStudioVersion = 17.0.31903.59
MinimumVisualStudioVersion = 10.0.40219.1
Project("{FAE04EC0-301F-11D3-BF4B-00C04F79EFBC}") = "Web.API", "Web.API\Web.API.csproj", "{4BCA7ED3-E4B0-49AC-9A02-13F6F55FA886}"
EndProject
Project("{FAE04EC0-301F-11D3-BF4B-00C04F79EFBC}") = "Application", "Application\Application.csproj", "{46B628C4-CE2D-4293-B508-71161F39DF03}"
EndProject
Project("{FAE04EC0-301F-11D3-BF4B-00C04F79EFBC}") = "Infrastructure", "Infrastructure\Infrastructure.csproj", "{C02B9BE5-72EE-4486-A7A2-09198F13A2C6}"
EndProject
Project("{FAE04EC0-301F-11D3-BF4B-00C04F79EFBC}") = "Domain", "Domain\Domain.csproj", "{8E02B221-F0A2-4FBD-BF39-82916024C3FF}"
EndProject
Global
	GlobalSection(SolutionConfigurationPlatforms) = preSolution
		Debug|Any CPU = Debug|Any CPU
		Release|Any CPU = Release|Any CPU
	EndGlobalSection
	GlobalSection(SolutionProperties) = preSolution
		HideSolutionNode = FALSE
	EndGlobalSection
	GlobalSection(ProjectConfigurationPlatforms) = postSolution
		{4BCA7ED3-E4B0-49AC-9A02-13F6F55FA886}.Debug|Any CPU.ActiveCfg = Debug|Any CPU
		{4BCA7ED3-E4B0-49AC-9A02-13F6F55FA886}.Debug|Any CPU.Build.0 = Debug|Any CPU
		{4BCA7ED3-E4B0-49AC-9A02-13F6F55FA886}.Release|Any CPU.ActiveCfg = Release|Any CPU
		{4BCA7ED3-E4B0-49AC-9A02-13F6F55FA886}.Release|Any CPU.Build.0 = Release|Any CPU
		{46B628C4-CE2D-4293-B508-71161F39DF03}.Debug|Any CPU.ActiveCfg = Debug|Any CPU
		{46B628C4-CE2D-4293-B508-71161F39DF03}.Debug|Any CPU.Build.0 = Debug|Any CPU
		{46B628C4-CE2D-4293-B508-71161F39DF03}.Release|Any CPU.ActiveCfg = Release|Any CPU
		{46B628C4-CE2D-4293-B508-71161F39DF03}.Release|Any CPU.Build.0 = Release|Any CPU
		{C02B9BE5-72EE-4486-A7A2-09198F13A2C6}.Debug|Any CPU.ActiveCfg = Debug|Any CPU
		{C02B9BE5-72EE-4486-A7A2-09198F13A2C6}.Debug|Any CPU.Build.0 = Debug|Any CPU
		{C02B9BE5-72EE-4486-A7A2-09198F13A2C6}.Release|Any CPU.ActiveCfg = Release|Any CPU
		{C02B9BE5-72EE-4486-A7A2-09198F13A2C6}.Release|Any CPU.Build.0 = Release|Any CPU
		{8E02B221-F0A2-4FBD-BF39-82916024C3FF}.Debug|Any CPU.ActiveCfg = Debug|Any CPU
		{8E02B221-F0A2-4FBD-BF39-82916024C3FF}.Debug|Any CPU.Build.0 = Debug|Any CPU
		{8E02B221-F0A2-4FBD-BF39-82916024C3FF}.Release|Any CPU.ActiveCfg = Release|Any CPU
		{8E02B221-F0A2-4FBD-BF39-82916024C3FF}.Release|Any CPU.Build.0 = Release|Any CPU
	EndGlobalSection
EndGlobal
